
Microsoft Visual Studio Solution File, Format Version 12.00
Project("{FAE04EC0-301F-11D3-BF4B-00C04F79EFBC}") = "RabbitSender", "RabbitSender\RabbitSender.csproj", "{717EAD3E-00F0-4BC6-82A8-284620CDA725}"
EndProject
Project("{FAE04EC0-301F-11D3-BF4B-00C04F79EFBC}") = "RabbitReceiver1", "RabbitReceiver1\RabbitReceiver1.csproj", "{2D71CAC1-78B8-4D7E-BBB2-8D835778CC25}"
EndProject
Project("{FAE04EC0-301F-11D3-BF4B-00C04F79EFBC}") = "RabbitReceiver2", "RabbitReceiver2\RabbitReceiver2.csproj", "{787D6D67-D66F-40DB-97F4-66535185A257}"
EndProject
Global
	GlobalSection(SolutionConfigurationPlatforms) = preSolution
		Debug|Any CPU = Debug|Any CPU
		Release|Any CPU = Release|Any CPU
	EndGlobalSection
	GlobalSection(ProjectConfigurationPlatforms) = postSolution
		{717EAD3E-00F0-4BC6-82A8-284620CDA725}.Debug|Any CPU.ActiveCfg = Debug|Any CPU
		{717EAD3E-00F0-4BC6-82A8-284620CDA725}.Debug|Any CPU.Build.0 = Debug|Any CPU
		{717EAD3E-00F0-4BC6-82A8-284620CDA725}.Release|Any CPU.ActiveCfg = Release|Any CPU
		{717EAD3E-00F0-4BC6-82A8-284620CDA725}.Release|Any CPU.Build.0 = Release|Any CPU
		{2D71CAC1-78B8-4D7E-BBB2-8D835778CC25}.Debug|Any CPU.ActiveCfg = Debug|Any CPU
		{2D71CAC1-78B8-4D7E-BBB2-8D835778CC25}.Debug|Any CPU.Build.0 = Debug|Any CPU
		{2D71CAC1-78B8-4D7E-BBB2-8D835778CC25}.Release|Any CPU.ActiveCfg = Release|Any CPU
		{2D71CAC1-78B8-4D7E-BBB2-8D835778CC25}.Release|Any CPU.Build.0 = Release|Any CPU
		{787D6D67-D66F-40DB-97F4-66535185A257}.Debug|Any CPU.ActiveCfg = Debug|Any CPU
		{787D6D67-D66F-40DB-97F4-66535185A257}.Debug|Any CPU.Build.0 = Debug|Any CPU
		{787D6D67-D66F-40DB-97F4-66535185A257}.Release|Any CPU.ActiveCfg = Release|Any CPU
		{787D6D67-D66F-40DB-97F4-66535185A257}.Release|Any CPU.Build.0 = Release|Any CPU
	EndGlobalSection
EndGlobal
